
Microsoft Visual Studio Solution File, Format Version 12.00
# Visual Studio Version 17
VisualStudioVersion = 17.8.34309.116
MinimumVisualStudioVersion = 10.0.40219.1
Project("{FAE04EC0-301F-11D3-BF4B-00C04F79EFBC}") = "CompanyEmployees", "CompanyEmployees\CompanyEmployees.csproj", "{7D0C6079-4378-4849-B245-34E531F37548}"
EndProject
Project("{FAE04EC0-301F-11D3-BF4B-00C04F79EFBC}") = "LoggerService", "LoggerService\LoggerService.csproj", "{310883E7-E79D-4959-A914-5DE4E59386D9}"
EndProject
Project("{FAE04EC0-301F-11D3-BF4B-00C04F79EFBC}") = "Contracts", "Contracts\Contracts.csproj", "{6177DBC8-0799-45A8-A0D2-7576B0D24D18}"
EndProject
Global
	GlobalSection(SolutionConfigurationPlatforms) = preSolution
		Debug|Any CPU = Debug|Any CPU
		Release|Any CPU = Release|Any CPU
	EndGlobalSection
	GlobalSection(ProjectConfigurationPlatforms) = postSolution
		{7D0C6079-4378-4849-B245-34E531F37548}.Debug|Any CPU.ActiveCfg = Debug|Any CPU
		{7D0C6079-4378-4849-B245-34E531F37548}.Debug|Any CPU.Build.0 = Debug|Any CPU
		{7D0C6079-4378-4849-B245-34E531F37548}.Release|Any CPU.ActiveCfg = Release|Any CPU
		{7D0C6079-4378-4849-B245-34E531F37548}.Release|Any CPU.Build.0 = Release|Any CPU
		{310883E7-E79D-4959-A914-5DE4E59386D9}.Debug|Any CPU.ActiveCfg = Debug|Any CPU
		{310883E7-E79D-4959-A914-5DE4E59386D9}.Debug|Any CPU.Build.0 = Debug|Any CPU
		{310883E7-E79D-4959-A914-5DE4E59386D9}.Release|Any CPU.ActiveCfg = Release|Any CPU
		{310883E7-E79D-4959-A914-5DE4E59386D9}.Release|Any CPU.Build.0 = Release|Any CPU
		{6177DBC8-0799-45A8-A0D2-7576B0D24D18}.Debug|Any CPU.ActiveCfg = Debug|Any CPU
		{6177DBC8-0799-45A8-A0D2-7576B0D24D18}.Debug|Any CPU.Build.0 = Debug|Any CPU
		{6177DBC8-0799-45A8-A0D2-7576B0D24D18}.Release|Any CPU.ActiveCfg = Release|Any CPU
		{6177DBC8-0799-45A8-A0D2-7576B0D24D18}.Release|Any CPU.Build.0 = Release|Any CPU
	EndGlobalSection
	GlobalSection(SolutionProperties) = preSolution
		HideSolutionNode = FALSE
	EndGlobalSection
	GlobalSection(ExtensibilityGlobals) = postSolution
		SolutionGuid = {F15A60E0-7AD1-43A4-9C0E-8F7904DE546A}
	EndGlobalSection
EndGlobal
